// !$*UTF8*$!
{
	archiveVersion = 1;
	classes = {
	};
	objectVersion = 46;
	objects = {

/* Begin PBXBuildFile section */
		102BC1EB1C3712F800CCABA3 /* AppDelegate.swift in Sources */ = {isa = PBXBuildFile; fileRef = 102BC1EA1C3712F800CCABA3 /* AppDelegate.swift */; };
		102BC1ED1C3712F800CCABA3 /* GameScene.sks in Resources */ = {isa = PBXBuildFile; fileRef = 102BC1EC1C3712F800CCABA3 /* GameScene.sks */; };
		102BC1EF1C3712F800CCABA3 /* GameScene.swift in Sources */ = {isa = PBXBuildFile; fileRef = 102BC1EE1C3712F800CCABA3 /* GameScene.swift */; };
		102BC1F11C3712F800CCABA3 /* GameViewController.swift in Sources */ = {isa = PBXBuildFile; fileRef = 102BC1F01C3712F800CCABA3 /* GameViewController.swift */; };
		102BC1F41C3712F800CCABA3 /* Main.storyboard in Resources */ = {isa = PBXBuildFile; fileRef = 102BC1F21C3712F800CCABA3 /* Main.storyboard */; };
		102BC1F61C3712F800CCABA3 /* Images.xcassets in Resources */ = {isa = PBXBuildFile; fileRef = 102BC1F51C3712F800CCABA3 /* Images.xcassets */; };
		102BC1F91C3712F800CCABA3 /* LaunchScreen.xib in Resources */ = {isa = PBXBuildFile; fileRef = 102BC1F71C3712F800CCABA3 /* LaunchScreen.xib */; };
		102BC2051C3712F800CCABA3 /* ejemploGitHubTests.swift in Sources */ = {isa = PBXBuildFile; fileRef = 102BC2041C3712F800CCABA3 /* ejemploGitHubTests.swift */; };
/* End PBXBuildFile section */

/* Begin PBXContainerItemProxy section */
		102BC1FF1C3712F800CCABA3 /* PBXContainerItemProxy */ = {
			isa = PBXContainerItemProxy;
			containerPortal = 102BC1DD1C3712F800CCABA3 /* Project object */;
			proxyType = 1;
			remoteGlobalIDString = 102BC1E41C3712F800CCABA3;
			remoteInfo = ejemploGitHub;
		};
/* End PBXContainerItemProxy section */

/* Begin PBXFileReference section */
		102BC1E51C3712F800CCABA3 /* ejemploGitHub.app */ = {isa = PBXFileReference; explicitFileType = wrapper.application; includeInIndex = 0; path = ejemploGitHub.app; sourceTree = BUILT_PRODUCTS_DIR; };
		102BC1E91C3712F800CCABA3 /* Info.plist */ = {isa = PBXFileReference; lastKnownFileType = text.plist.xml; path = Info.plist; sourceTree = "<group>"; };
		102BC1EA1C3712F800CCABA3 /* AppDelegate.swift */ = {isa = PBXFileReference; lastKnownFileType = sourcecode.swift; path = AppDelegate.swift; sourceTree = "<group>"; };
		102BC1EC1C3712F800CCABA3 /* GameScene.sks */ = {isa = PBXFileReference; lastKnownFileType = file.sks; path = GameScene.sks; sourceTree = "<group>"; };
		102BC1EE1C3712F800CCABA3 /* GameScene.swift */ = {isa = PBXFileReference; lastKnownFileType = sourcecode.swift; path = GameScene.swift; sourceTree = "<group>"; };
		102BC1F01C3712F800CCABA3 /* GameViewController.swift */ = {isa = PBXFileReference; lastKnownFileType = sourcecode.swift; path = GameViewController.swift; sourceTree = "<group>"; };
		102BC1F31C3712F800CCABA3 /* Base */ = {isa = PBXFileReference; lastKnownFileType = file.storyboard; name = Base; path = Base.lproj/Main.storyboard; sourceTree = "<group>"; };
		102BC1F51C3712F800CCABA3 /* Images.xcassets */ = {isa = PBXFileReference; lastKnownFileType = folder.assetcatalog; path = Images.xcassets; sourceTree = "<group>"; };
		102BC1F81C3712F800CCABA3 /* Base */ = {isa = PBXFileReference; lastKnownFileType = file.xib; name = Base; path = Base.lproj/LaunchScreen.xib; sourceTree = "<group>"; };
		102BC1FE1C3712F800CCABA3 /* ejemploGitHubTests.xctest */ = {isa = PBXFileReference; explicitFileType = wrapper.cfbundle; includeInIndex = 0; path = ejemploGitHubTests.xctest; sourceTree = BUILT_PRODUCTS_DIR; };
		102BC2031C3712F800CCABA3 /* Info.plist */ = {isa = PBXFileReference; lastKnownFileType = text.plist.xml; path = Info.plist; sourceTree = "<group>"; };
		102BC2041C3712F800CCABA3 /* ejemploGitHubTests.swift */ = {isa = PBXFileReference; lastKnownFileType = sourcecode.swift; path = ejemploGitHubTests.swift; sourceTree = "<group>"; };
/* End PBXFileReference section */

/* Begin PBXFrameworksBuildPhase section */
		102BC1E21C3712F800CCABA3 /* Frameworks */ = {
			isa = PBXFrameworksBuildPhase;
			buildActionMask = 2147483647;
			files = (
			);
			runOnlyForDeploymentPostprocessing = 0;
		};
		102BC1FB1C3712F800CCABA3 /* Frameworks */ = {
			isa = PBXFrameworksBuildPhase;
			buildActionMask = 2147483647;
			files = (
			);
			runOnlyForDeploymentPostprocessing = 0;
		};
/* End PBXFrameworksBuildPhase section */

/* Begin PBXGroup section */
		102BC1DC1C3712F800CCABA3 = {
			isa = PBXGroup;
			children = (
				102BC1E71C3712F800CCABA3 /* ejemploGitHub */,
				102BC2011C3712F800CCABA3 /* ejemploGitHubTests */,
				102BC1E61C3712F800CCABA3 /* Products */,
			);
			sourceTree = "<group>";
		};
		102BC1E61C3712F800CCABA3 /* Products */ = {
			isa = PBXGroup;
			children = (
				102BC1E51C3712F800CCABA3 /* ejemploGitHub.app */,
				102BC1FE1C3712F800CCABA3 /* ejemploGitHubTests.xctest */,
			);
			name = Products;
			sourceTree = "<group>";
		};
		102BC1E71C3712F800CCABA3 /* ejemploGitHub */ = {
			isa = PBXGroup;
			children = (
				102BC1EA1C3712F800CCABA3 /* AppDelegate.swift */,
				102BC1EC1C3712F800CCABA3 /* GameScene.sks */,
				102BC1EE1C3712F800CCABA3 /* GameScene.swift */,
				102BC1F01C3712F800CCABA3 /* GameViewController.swift */,
				102BC1F21C3712F800CCABA3 /* Main.storyboard */,
				102BC1F51C3712F800CCABA3 /* Images.xcassets */,
				102BC1F71C3712F800CCABA3 /* LaunchScreen.xib */,
				102BC1E81C3712F800CCABA3 /* Supporting Files */,
			);
			path = ejemploGitHub;
			sourceTree = "<group>";
		};
		102BC1E81C3712F800CCABA3 /* Supporting Files */ = {
			isa = PBXGroup;
			children = (
				102BC1E91C3712F800CCABA3 /* Info.plist */,
			);
			name = "Supporting Files";
			sourceTree = "<group>";
		};
		102BC2011C3712F800CCABA3 /* ejemploGitHubTests */ = {
			isa = PBXGroup;
			children = (
				102BC2041C3712F800CCABA3 /* ejemploGitHubTests.swift */,
				102BC2021C3712F800CCABA3 /* Supporting Files */,
			);
			path = ejemploGitHubTests;
			sourceTree = "<group>";
		};
		102BC2021C3712F800CCABA3 /* Supporting Files */ = {
			isa = PBXGroup;
			children = (
				102BC2031C3712F800CCABA3 /* Info.plist */,
			);
			name = "Supporting Files";
			sourceTree = "<group>";
		};
/* End PBXGroup section */

/* Begin PBXNativeTarget section */
		102BC1E41C3712F800CCABA3 /* ejemploGitHub */ = {
			isa = PBXNativeTarget;
			buildConfigurationList = 102BC2081C3712F800CCABA3 /* Build configuration list for PBXNativeTarget "ejemploGitHub" */;
			buildPhases = (
				102BC1E11C3712F800CCABA3 /* Sources */,
				102BC1E21C3712F800CCABA3 /* Frameworks */,
				102BC1E31C3712F800CCABA3 /* Resources */,
			);
			buildRules = (
			);
			dependencies = (
			);
			name = ejemploGitHub;
			productName = ejemploGitHub;
			productReference = 102BC1E51C3712F800CCABA3 /* ejemploGitHub.app */;
			productType = "com.apple.product-type.application";
		};
		102BC1FD1C3712F800CCABA3 /* ejemploGitHubTests */ = {
			isa = PBXNativeTarget;
			buildConfigurationList = 102BC20B1C3712F800CCABA3 /* Build configuration list for PBXNativeTarget "ejemploGitHubTests" */;
			buildPhases = (
				102BC1FA1C3712F800CCABA3 /* Sources */,
				102BC1FB1C3712F800CCABA3 /* Frameworks */,
				102BC1FC1C3712F800CCABA3 /* Resources */,
			);
			buildRules = (
			);
			dependencies = (
				102BC2001C3712F800CCABA3 /* PBXTargetDependency */,
			);
			name = ejemploGitHubTests;
			productName = ejemploGitHubTests;
			productReference = 102BC1FE1C3712F800CCABA3 /* ejemploGitHubTests.xctest */;
			productType = "com.apple.product-type.bundle.unit-test";
		};
/* End PBXNativeTarget section */

/* Begin PBXProject section */
		102BC1DD1C3712F800CCABA3 /* Project object */ = {
			isa = PBXProject;
			attributes = {
				LastUpgradeCheck = 0640;
				ORGANIZATIONNAME = Mash;
				TargetAttributes = {
					102BC1E41C3712F800CCABA3 = {
						CreatedOnToolsVersion = 6.4;
					};
					102BC1FD1C3712F800CCABA3 = {
						CreatedOnToolsVersion = 6.4;
						TestTargetID = 102BC1E41C3712F800CCABA3;
					};
				};
			};
			buildConfigurationList = 102BC1E01C3712F800CCABA3 /* Build configuration list for PBXProject "ejemploGitHub" */;
			compatibilityVersion = "Xcode 3.2";
			developmentRegion = English;
			hasScannedForEncodings = 0;
			knownRegions = (
				en,
				Base,
			);
			mainGroup = 102BC1DC1C3712F800CCABA3;
			productRefGroup = 102BC1E61C3712F800CCABA3 /* Products */;
			projectDirPath = "";
			projectRoot = "";
			targets = (
				102BC1E41C3712F800CCABA3 /* ejemploGitHub */,
				102BC1FD1C3712F800CCABA3 /* ejemploGitHubTests */,
			);
		};
/* End PBXProject section */

/* Begin PBXResourcesBuildPhase section */
		102BC1E31C3712F800CCABA3 /* Resources */ = {
			isa = PBXResourcesBuildPhase;
			buildActionMask = 2147483647;
			files = (
				102BC1F91C3712F800CCABA3 /* LaunchScreen.xib in Resources */,
				102BC1F61C3712F800CCABA3 /* Images.xcassets in Resources */,
				102BC1ED1C3712F800CCABA3 /* GameScene.sks in Resources */,
				102BC1F41C3712F800CCABA3 /* Main.storyboard in Resources */,
			);
			runOnlyForDeploymentPostprocessing = 0;
		};
		102BC1FC1C3712F800CCABA3 /* Resources */ = {
			isa = PBXResourcesBuildPhase;
			buildActionMask = 2147483647;
			files = (
			);
			runOnlyForDeploymentPostprocessing = 0;
		};
/* End PBXResourcesBuildPhase section */

/* Begin PBXSourcesBuildPhase section */
		102BC1E11C3712F800CCABA3 /* Sources */ = {
			isa = PBXSourcesBuildPhase;
			buildActionMask = 2147483647;
			files = (
				102BC1EF1C3712F800CCABA3 /* GameScene.swift in Sources */,
				102BC1F11C3712F800CCABA3 /* GameViewController.swift in Sources */,
				102BC1EB1C3712F800CCABA3 /* AppDelegate.swift in Sources */,
			);
			runOnlyForDeploymentPostprocessing = 0;
		};
		102BC1FA1C3712F800CCABA3 /* Sources */ = {
			isa = PBXSourcesBuildPhase;
			buildActionMask = 2147483647;
			files = (
				102BC2051C3712F800CCABA3 /* ejemploGitHubTests.swift in Sources */,
			);
			runOnlyForDeploymentPostprocessing = 0;
		};
/* End PBXSourcesBuildPhase section */

/* Begin PBXTargetDependency section */
		102BC2001C3712F800CCABA3 /* PBXTargetDependency */ = {
			isa = PBXTargetDependency;
			target = 102BC1E41C3712F800CCABA3 /* ejemploGitHub */;
			targetProxy = 102BC1FF1C3712F800CCABA3 /* PBXContainerItemProxy */;
		};
/* End PBXTargetDependency section */

/* Begin PBXVariantGroup section */
		102BC1F21C3712F800CCABA3 /* Main.storyboard */ = {
			isa = PBXVariantGroup;
			children = (
				102BC1F31C3712F800CCABA3 /* Base */,
			);
			name = Main.storyboard;
			sourceTree = "<group>";
		};
		102BC1F71C3712F800CCABA3 /* LaunchScreen.xib */ = {
			isa = PBXVariantGroup;
			children = (
				102BC1F81C3712F800CCABA3 /* Base */,
			);
			name = LaunchScreen.xib;
			sourceTree = "<group>";
		};
/* End PBXVariantGroup section */

/* Begin XCBuildConfiguration section */
		102BC2061C3712F800CCABA3 /* Debug */ = {
			isa = XCBuildConfiguration;
			buildSettings = {
				ALWAYS_SEARCH_USER_PATHS = NO;
				CLANG_CXX_LANGUAGE_STANDARD = "gnu++0x";
				CLANG_CXX_LIBRARY = "libc++";
				CLANG_ENABLE_MODULES = YES;
				CLANG_ENABLE_OBJC_ARC = YES;
				CLANG_WARN_BOOL_CONVERSION = YES;
				CLANG_WARN_CONSTANT_CONVERSION = YES;
				CLANG_WARN_DIRECT_OBJC_ISA_USAGE = YES_ERROR;
				CLANG_WARN_EMPTY_BODY = YES;
				CLANG_WARN_ENUM_CONVERSION = YES;
				CLANG_WARN_INT_CONVERSION = YES;
				CLANG_WARN_OBJC_ROOT_CLASS = YES_ERROR;
				CLANG_WARN_UNREACHABLE_CODE = YES;
				CLANG_WARN__DUPLICATE_METHOD_MATCH = YES;
				"CODE_SIGN_IDENTITY[sdk=iphoneos*]" = "iPhone Developer";
				COPY_PHASE_STRIP = NO;
				DEBUG_INFORMATION_FORMAT = "dwarf-with-dsym";
				ENABLE_STRICT_OBJC_MSGSEND = YES;
				GCC_C_LANGUAGE_STANDARD = gnu99;
				GCC_DYNAMIC_NO_PIC = NO;
				GCC_NO_COMMON_BLOCKS = YES;
				GCC_OPTIMIZATION_LEVEL = 0;
				GCC_PREPROCESSOR_DEFINITIONS = (
					"DEBUG=1",
					"$(inherited)",
				);
				GCC_SYMBOLS_PRIVATE_EXTERN = NO;
				GCC_WARN_64_TO_32_BIT_CONVERSION = YES;
				GCC_WARN_ABOUT_RETURN_TYPE = YES_ERROR;
				GCC_WARN_UNDECLARED_SELECTOR = YES;
				GCC_WARN_UNINITIALIZED_AUTOS = YES_AGGRESSIVE;
				GCC_WARN_UNUSED_FUNCTION = YES;
				GCC_WARN_UNUSED_VARIABLE = YES;
				IPHONEOS_DEPLOYMENT_TARGET = 8.4;
				MTL_ENABLE_DEBUG_INFO = YES;
				ONLY_ACTIVE_ARCH = YES;
				SDKROOT = iphoneos;
				SWIFT_OPTIMIZATION_LEVEL = "-Onone";
				TARGETED_DEVICE_FAMILY = "1,2";
			};
			name = Debug;
		};
		102BC2071C3712F800CCABA3 /* Release */ = {
			isa = XCBuildConfiguration;
			buildSettings = {
				ALWAYS_SEARCH_USER_PATHS = NO;
				CLANG_CXX_LANGUAGE_STANDARD = "gnu++0x";
				CLANG_CXX_LIBRARY = "libc++";
				CLANG_ENABLE_MODULES = YES;
				CLANG_ENABLE_OBJC_ARC = YES;
				CLANG_WARN_BOOL_CONVERSION = YES;
				CLANG_WARN_CONSTANT_CONVERSION = YES;
				CLANG_WARN_DIRECT_OBJC_ISA_USAGE = YES_ERROR;
				CLANG_WARN_EMPTY_BODY = YES;
				CLANG_WARN_ENUM_CONVERSION = YES;
				CLANG_WARN_INT_CONVERSION = YES;
				CLANG_WARN_OBJC_ROOT_CLASS = YES_ERROR;
				CLANG_WARN_UNREACHABLE_CODE = YES;
				CLANG_WARN__DUPLICATE_METHOD_MATCH = YES;
				"CODE_SIGN_IDENTITY[sdk=iphoneos*]" = "iPhone Developer";
				COPY_PHASE_STRIP = NO;
				DEBUG_INFORMATION_FORMAT = "dwarf-with-dsym";
				ENABLE_NS_ASSERTIONS = NO;
				ENABLE_STRICT_OBJC_MSGSEND = YES;
				GCC_C_LANGUAGE_STANDARD = gnu99;
				GCC_NO_COMMON_BLOCKS = YES;
				GCC_WARN_64_TO_32_BIT_CONVERSION = YES;
				GCC_WARN_ABOUT_RETURN_TYPE = YES_ERROR;
				GCC_WARN_UNDECLARED_SELECTOR = YES;
				GCC_WARN_UNINITIALIZED_AUTOS = YES_AGGRESSIVE;
				GCC_WARN_UNUSED_FUNCTION = YES;
				GCC_WARN_UNUSED_VARIABLE = YES;
				IPHONEOS_DEPLOYMENT_TARGET = 8.4;
				MTL_ENABLE_DEBUG_INFO = NO;
				SDKROOT = iphoneos;
				TARGETED_DEVICE_FAMILY = "1,2";
				VALIDATE_PRODUCT = YES;
			};
			name = Release;
		};
		102BC2091C3712F800CCABA3 /* Debug */ = {
			isa = XCBuildConfiguration;
			buildSettings = {
				ASSETCATALOG_COMPILER_APPICON_NAME = AppIcon;
				INFOPLIST_FILE = ejemploGitHub/Info.plist;
				LD_RUNPATH_SEARCH_PATHS = "$(inherited) @executable_path/Frameworks";
				PRODUCT_NAME = "$(TARGET_NAME)";
			};
			name = Debug;
		};
		102BC20A1C3712F800CCABA3 /* Release */ = {
			isa = XCBuildConfiguration;
			buildSettings = {
				ASSETCATALOG_COMPILER_APPICON_NAME = AppIcon;
				INFOPLIST_FILE = ejemploGitHub/Info.plist;
				LD_RUNPATH_SEARCH_PATHS = "$(inherited) @executable_path/Frameworks";
				PRODUCT_NAME = "$(TARGET_NAME)";
			};
			name = Release;
		};
		102BC20C1C3712F800CCABA3 /* Debug */ = {
			isa = XCBuildConfiguration;
			buildSettings = {
				BUNDLE_LOADER = "$(TEST_HOST)";
				FRAMEWORK_SEARCH_PATHS = (
					"$(SDKROOT)/Developer/Library/Frameworks",
					"$(inherited)",
				);
				GCC_PREPROCESSOR_DEFINITIONS = (
					"DEBUG=1",
					"$(inherited)",
				);
				INFOPLIST_FILE = ejemploGitHubTests/Info.plist;
				LD_RUNPATH_SEARCH_PATHS = "$(inherited) @executable_path/Frameworks @loader_path/Frameworks";
				PRODUCT_NAME = "$(TARGET_NAME)";
				TEST_HOST = "$(BUILT_PRODUCTS_DIR)/ejemploGitHub.app/ejemploGitHub";
			};
			name = Debug;
		};
		102BC20D1C3712F800CCABA3 /* Release */ = {
			isa = XCBuildConfiguration;
			buildSettings = {
				BUNDLE_LOADER = "$(TEST_HOST)";
				FRAMEWORK_SEARCH_PATHS = (
					"$(SDKROOT)/Developer/Library/Frameworks",
					"$(inherited)",
				);
				INFOPLIST_FILE = ejemploGitHubTests/Info.plist;
				LD_RUNPATH_SEARCH_PATHS = "$(inherited) @executable_path/Frameworks @loader_path/Frameworks";
				PRODUCT_NAME = "$(TARGET_NAME)";
				TEST_HOST = "$(BUILT_PRODUCTS_DIR)/ejemploGitHub.app/ejemploGitHub";
			};
			name = Release;
		};
/* End XCBuildConfiguration section */

/* Begin XCConfigurationList section */
		102BC1E01C3712F800CCABA3 /* Build configuration list for PBXProject "ejemploGitHub" */ = {
			isa = XCConfigurationList;
			buildConfigurations = (
				102BC2061C3712F800CCABA3 /* Debug */,
				102BC2071C3712F800CCABA3 /* Release */,
			);
			defaultConfigurationIsVisible = 0;
			defaultConfigurationName = Release;
		};
		102BC2081C3712F800CCABA3 /* Build configuration list for PBXNativeTarget "ejemploGitHub" */ = {
			isa = XCConfigurationList;
			buildConfigurations = (
				102BC2091C3712F800CCABA3 /* Debug */,
				102BC20A1C3712F800CCABA3 /* Release */,
			);
			defaultConfigurationIsVisible = 0;
		};
		102BC20B1C3712F800CCABA3 /* Build configuration list for PBXNativeTarget "ejemploGitHubTests" */ = {
			isa = XCConfigurationList;
			buildConfigurations = (
				102BC20C1C3712F800CCABA3 /* Debug */,
				102BC20D1C3712F800CCABA3 /* Release */,
			);
			defaultConfigurationIsVisible = 0;
		};
/* End XCConfigurationList section */
	};
	rootObject = 102BC1DD1C3712F800CCABA3 /* Project object */;
}
